
Microsoft Visual Studio Solution File, Format Version 12.00
# Visual Studio Version 17
VisualStudioVersion = 17.5.33414.496
MinimumVisualStudioVersion = 10.0.40219.1
Project("{FAE04EC0-301F-11D3-BF4B-00C04F79EFBC}") = "L01P02_2020RO601_2020CG601", "L01P02_2020RO601_2020CG601\L01P02_2020RO601_2020CG601.csproj", "{FE088ED8-8B3E-436C-B1E0-B697FEDC93BE}"
EndProject
Global
	GlobalSection(SolutionConfigurationPlatforms) = preSolution
		Debug|Any CPU = Debug|Any CPU
		Release|Any CPU = Release|Any CPU
	EndGlobalSection
	GlobalSection(ProjectConfigurationPlatforms) = postSolution
		{FE088ED8-8B3E-436C-B1E0-B697FEDC93BE}.Debug|Any CPU.ActiveCfg = Debug|Any CPU
		{FE088ED8-8B3E-436C-B1E0-B697FEDC93BE}.Debug|Any CPU.Build.0 = Debug|Any CPU
		{FE088ED8-8B3E-436C-B1E0-B697FEDC93BE}.Release|Any CPU.ActiveCfg = Release|Any CPU
		{FE088ED8-8B3E-436C-B1E0-B697FEDC93BE}.Release|Any CPU.Build.0 = Release|Any CPU
	EndGlobalSection
	GlobalSection(SolutionProperties) = preSolution
		HideSolutionNode = FALSE
	EndGlobalSection
	GlobalSection(ExtensibilityGlobals) = postSolution
		SolutionGuid = {4BDEFC34-E881-4C78-BE20-610537ED8136}
	EndGlobalSection
EndGlobal
